
Microsoft Visual Studio Solution File, Format Version 12.00
# Visual Studio Version 17
VisualStudioVersion = 17.10.35122.118
MinimumVisualStudioVersion = 10.0.40219.1
Project("{9A19103F-16F7-4668-BE54-9A1E7A4F7556}") = "Application", "TicketSystem\src\Application\Application.csproj", "{E6031114-DD43-4B0F-86D1-AFA2BC277C39}"
EndProject
Project("{9A19103F-16F7-4668-BE54-9A1E7A4F7556}") = "Domain", "TicketSystem\src\Domain\Domain.csproj", "{781C2DFB-7F8B-4B71-BEE0-A8F5E0AEEE06}"
EndProject
Project("{9A19103F-16F7-4668-BE54-9A1E7A4F7556}") = "Infrastructure", "TicketSystem\src\Infrastructure\Infrastructure.csproj", "{500C627F-5590-48AE-8E56-0F690F405B59}"
EndProject
Project("{9A19103F-16F7-4668-BE54-9A1E7A4F7556}") = "Web", "TicketSystem\src\Web\Web.csproj", "{6D52A63D-9641-4574-9CC1-165BEE5CDE5C}"
EndProject
Project("{9A19103F-16F7-4668-BE54-9A1E7A4F7556}") = "TicketSystem.Application.Tests", "TicketSystem.Application.Tests\TicketSystem.Application.Tests.csproj", "{7F3069D0-D883-480B-9CF0-20DE6E02518F}"
EndProject
Global
	GlobalSection(SolutionConfigurationPlatforms) = preSolution
		Debug|Any CPU = Debug|Any CPU
		Release|Any CPU = Release|Any CPU
	EndGlobalSection
	GlobalSection(ProjectConfigurationPlatforms) = postSolution
		{E6031114-DD43-4B0F-86D1-AFA2BC277C39}.Debug|Any CPU.ActiveCfg = Debug|Any CPU
		{E6031114-DD43-4B0F-86D1-AFA2BC277C39}.Debug|Any CPU.Build.0 = Debug|Any CPU
		{E6031114-DD43-4B0F-86D1-AFA2BC277C39}.Release|Any CPU.ActiveCfg = Release|Any CPU
		{E6031114-DD43-4B0F-86D1-AFA2BC277C39}.Release|Any CPU.Build.0 = Release|Any CPU
		{781C2DFB-7F8B-4B71-BEE0-A8F5E0AEEE06}.Debug|Any CPU.ActiveCfg = Debug|Any CPU
		{781C2DFB-7F8B-4B71-BEE0-A8F5E0AEEE06}.Debug|Any CPU.Build.0 = Debug|Any CPU
		{781C2DFB-7F8B-4B71-BEE0-A8F5E0AEEE06}.Release|Any CPU.ActiveCfg = Release|Any CPU
		{781C2DFB-7F8B-4B71-BEE0-A8F5E0AEEE06}.Release|Any CPU.Build.0 = Release|Any CPU
		{500C627F-5590-48AE-8E56-0F690F405B59}.Debug|Any CPU.ActiveCfg = Debug|Any CPU
		{500C627F-5590-48AE-8E56-0F690F405B59}.Debug|Any CPU.Build.0 = Debug|Any CPU
		{500C627F-5590-48AE-8E56-0F690F405B59}.Release|Any CPU.ActiveCfg = Release|Any CPU
		{500C627F-5590-48AE-8E56-0F690F405B59}.Release|Any CPU.Build.0 = Release|Any CPU
		{6D52A63D-9641-4574-9CC1-165BEE5CDE5C}.Debug|Any CPU.ActiveCfg = Debug|Any CPU
		{6D52A63D-9641-4574-9CC1-165BEE5CDE5C}.Debug|Any CPU.Build.0 = Debug|Any CPU
		{6D52A63D-9641-4574-9CC1-165BEE5CDE5C}.Release|Any CPU.ActiveCfg = Release|Any CPU
		{6D52A63D-9641-4574-9CC1-165BEE5CDE5C}.Release|Any CPU.Build.0 = Release|Any CPU
		{7F3069D0-D883-480B-9CF0-20DE6E02518F}.Debug|Any CPU.ActiveCfg = Debug|Any CPU
		{7F3069D0-D883-480B-9CF0-20DE6E02518F}.Debug|Any CPU.Build.0 = Debug|Any CPU
		{7F3069D0-D883-480B-9CF0-20DE6E02518F}.Release|Any CPU.ActiveCfg = Release|Any CPU
		{7F3069D0-D883-480B-9CF0-20DE6E02518F}.Release|Any CPU.Build.0 = Release|Any CPU
	EndGlobalSection
	GlobalSection(SolutionProperties) = preSolution
		HideSolutionNode = FALSE
	EndGlobalSection
	GlobalSection(ExtensibilityGlobals) = postSolution
		SolutionGuid = {B71504A8-AF32-4EC7-917F-C044F221C74C}
	EndGlobalSection
EndGlobal
